github.com/lauwarm/hugo-theme-mugenbatscha v0.0.0-20230321190549-13abf521cc64 h1:jDx7wC3zTMcuMtSxZ7qwmvpReiFfZzGUxUlB81rndRY=
github.com/lauwarm/hugo-theme-mugenbatscha v0.0.0-20230321190549-13abf521cc64/go.mod h1:PPDn2onFJye2Qb3hlrljAGuYEgUN2LqM9nqXWiE4vJs=
github.com/lauwarm/hugo-theme-mugenbatscha v0.0.0-20231204174246-2c421fcdcaeb h1:izKdsxr4xNm/giK0nbvxWNkqTsldD4dk+F/Asi5rhH8=
github.com/lauwarm/hugo-theme-mugenbatscha v0.0.0-20231204174246-2c421fcdcaeb/go.mod h1:PPDn2onFJye2Qb3hlrljAGuYEgUN2LqM9nqXWiE4vJs=
github.com/lauwarm/hugo-theme-mugenbatscha v0.0.0-20231220070114-2f30a21898d4 h1:AgU5hYoIrn0tA5/Pvi2yjlji7XrkbCUsJBPOrNSxPbI=
github.com/lauwarm/hugo-theme-mugenbatscha v0.0.0-20231220070114-2f30a21898d4/go.mod h1:PPDn2onFJye2Qb3hlrljAGuYEgUN2LqM9nqXWiE4vJs=
github.com/lauwarm/hugo-theme-mugenbatscha v0.0.0-20240211205823-784f23dea8d4 h1:FsCuVIhZ/AeezOiDIDjlJjnSqwj0bexGUSbMpJg8uAs=
github.com/lauwarm/hugo-theme-mugenbatscha v0.0.0-20240211205823-784f23dea8d4/go.mod h1:PPDn2onFJye2Qb3hlrljAGuYEgUN2LqM9nqXWiE4vJs=
github.com/lauwarm/hugo-theme-mugenbatscha v0.0.0-20240212075841-3dfbf4c8384b h1:PQW59Qxp5h6cXNYXmDrU6gfMiPjGn3byGn0txJofELA=
github.com/lauwarm/hugo-theme-mugenbatscha v0.0.0-20240212075841-3dfbf4c8384b/go.mod h1:PPDn2onFJye2Qb3hlrljAGuYEgUN2LqM9nqXWiE4vJs=
github.com/lauwarm/hugo-theme-mugenbatscha v0.0.0-20240212134136-c6225aac1bd8 h1:g3P/RBHuvtNokngchYIG9JnDjIoUFM36IXPr22AHAO0=
github.com/lauwarm/hugo-theme-mugenbatscha v0.0.0-20240212134136-c6225aac1bd8/go.mod h1:PPDn2onFJye2Qb3hlrljAGuYEgUN2LqM9nqXWiE4vJs=
github.com/lauwarm/hugo-theme-mugenbatscha v0.0.0-20240212140954-cc19a67c139f h1:K1uoNGqXUmsU9ek1pesXT243LKszTvvyU01FQiKisxM=
github.com/lauwarm/hugo-theme-mugenbatscha v0.0.0-20240212140954-cc19a67c139f/go.mod h1:PPDn2onFJye2Qb3hlrljAGuYEgUN2LqM9nqXWiE4vJs=
github.com/lauwarm/hugo-theme-mugenbatscha v0.0.0-20240212191511-2c0c17432db1 h1:zGPtKiPI6KRtB6x5RO5HCZgNcUhjZC+6WDMbVKUTGHA=
github.com/lauwarm/hugo-theme-mugenbatscha v0.0.0-20240212191511-2c0c17432db1/go.mod h1:PPDn2onFJye2Qb3hlrljAGuYEgUN2LqM9nqXWiE4vJs=
github.com/lauwarm/hugo-theme-mugenbatscha v0.0.0-20240212192424-5889acaea529 h1:n8Yd2Dt1O55CFD240OyCE8VbfhyrFvwBiq5h2qLHDSM=
github.com/lauwarm/hugo-theme-mugenbatscha v0.0.0-20240212192424-5889acaea529/go.mod h1:PPDn2onFJye2Qb3hlrljAGuYEgUN2LqM9nqXWiE4vJs=
github.com/lauwarm/hugo-theme-mugenbatscha v0.0.0-20240212193326-9fbe58441cf8 h1:4IhGiPvFbbwbjR4XNItCbaQg786gy1oRl26tbHmBV+0=
github.com/lauwarm/hugo-theme-mugenbatscha v0.0.0-20240212193326-9fbe58441cf8/go.mod h1:PPDn2onFJye2Qb3hlrljAGuYEgUN2LqM9nqXWiE4vJs=
github.com/lauwarm/hugo-theme-mugenbatscha v0.0.0-20240213173414-4c026b768d5c h1:f0+VkbZB1tu4YeQGtqZNbNsT4QkOkjXOc2u0V6b6q9g=
github.com/lauwarm/hugo-theme-mugenbatscha v0.0.0-20240213173414-4c026b768d5c/go.mod h1:PPDn2onFJye2Qb3hlrljAGuYEgUN2LqM9nqXWiE4vJs=
github.com/lauwarm/hugo-theme-mugenbatscha v0.0.0-20240213185939-dea57689b3da h1:D0Gm/hP9e2Df3VJ/sT0GKlQfnbJ1FJDnr/bGDmTE5Fk=
github.com/lauwarm/hugo-theme-mugenbatscha v0.0.0-20240213185939-dea57689b3da/go.mod h1:PPDn2onFJye2Qb3hlrljAGuYEgUN2LqM9nqXWiE4vJs=
github.com/lauwarm/hugo-theme-mugenbatscha v0.0.0-20240216214420-18aa6f7b10e6 h1:RhWHLqEwj4aNO3xD9d5A33K+dmStDwVCo+eGhJePnFc=
github.com/lauwarm/hugo-theme-mugenbatscha v0.0.0-20240216214420-18aa6f7b10e6/go.mod h1:PPDn2onFJye2Qb3hlrljAGuYEgUN2LqM9nqXWiE4vJs=
github.com/lauwarm/hugo-theme-mugenbatscha v0.0.0-20240217110841-67a5ebff612b h1:UTR2uRzj5u54EHvYDs6YBa0VKk4rzIsVvOKx7pvbtSo=
github.com/lauwarm/hugo-theme-mugenbatscha v0.0.0-20240217110841-67a5ebff612b/go.mod h1:PPDn2onFJye2Qb3hlrljAGuYEgUN2LqM9nqXWiE4vJs=
github.com/lauwarm/hugo-theme-mugenbatscha v0.0.0-20240217112549-ee0179c0747e h1:/6SYL3ewwuUmIW3I26irD0iJXsw9xTPxs5uej19T3lg=
github.com/lauwarm/hugo-theme-mugenbatscha v0.0.0-20240217112549-ee0179c0747e/go.mod h1:PPDn2onFJye2Qb3hlrljAGuYEgUN2LqM9nqXWiE4vJs=
github.com/lauwarm/hugo-theme-mugenbatscha v0.0.0-20240217172027-06fc3b47c030 h1:62JDcD8vaAtuPUTTtVWXQuTGK9iUbPcPMde0koM5h8k=
github.com/lauwarm/hugo-theme-mugenbatscha v0.0.0-20240217172027-06fc3b47c030/go.mod h1:PPDn2onFJye2Qb3hlrljAGuYEgUN2LqM9nqXWiE4vJs=
github.com/lauwarm/hugo-theme-mugenbatscha v0.0.0-20240217172856-34feb54f9ca0 h1:qGvZ2Yie59wJ014Ipe9ZkUXtA2DxXlDOhLof2uLNp6o=
github.com/lauwarm/hugo-theme-mugenbatscha v0.0.0-20240217172856-34feb54f9ca0/go.mod h1:PPDn2onFJye2Qb3hlrljAGuYEgUN2LqM9nqXWiE4vJs=
