github.com/lauwarm/hugo-theme-mugenbatscha v0.0.0-20230321190549-13abf521cc64 h1:jDx7wC3zTMcuMtSxZ7qwmvpReiFfZzGUxUlB81rndRY=
github.com/lauwarm/hugo-theme-mugenbatscha v0.0.0-20230321190549-13abf521cc64/go.mod h1:PPDn2onFJye2Qb3hlrljAGuYEgUN2LqM9nqXWiE4vJs=
github.com/lauwarm/hugo-theme-mugenbatscha v0.0.0-20231204174246-2c421fcdcaeb h1:izKdsxr4xNm/giK0nbvxWNkqTsldD4dk+F/Asi5rhH8=
github.com/lauwarm/hugo-theme-mugenbatscha v0.0.0-20231204174246-2c421fcdcaeb/go.mod h1:PPDn2onFJye2Qb3hlrljAGuYEgUN2LqM9nqXWiE4vJs=
github.com/lauwarm/hugo-theme-mugenbatscha v0.0.0-20231220070114-2f30a21898d4 h1:AgU5hYoIrn0tA5/Pvi2yjlji7XrkbCUsJBPOrNSxPbI=
github.com/lauwarm/hugo-theme-mugenbatscha v0.0.0-20231220070114-2f30a21898d4/go.mod h1:PPDn2onFJye2Qb3hlrljAGuYEgUN2LqM9nqXWiE4vJs=
github.com/lauwarm/hugo-theme-mugenbatscha v0.0.0-20240211205823-784f23dea8d4 h1:FsCuVIhZ/AeezOiDIDjlJjnSqwj0bexGUSbMpJg8uAs=
github.com/lauwarm/hugo-theme-mugenbatscha v0.0.0-20240211205823-784f23dea8d4/go.mod h1:PPDn2onFJye2Qb3hlrljAGuYEgUN2LqM9nqXWiE4vJs=
github.com/lauwarm/hugo-theme-mugenbatscha v0.0.0-20240212075841-3dfbf4c8384b h1:PQW59Qxp5h6cXNYXmDrU6gfMiPjGn3byGn0txJofELA=
github.com/lauwarm/hugo-theme-mugenbatscha v0.0.0-20240212075841-3dfbf4c8384b/go.mod h1:PPDn2onFJye2Qb3hlrljAGuYEgUN2LqM9nqXWiE4vJs=
